
Microsoft Visual Studio Solution File, Format Version 12.00
# Visual Studio Version 16
VisualStudioVersion = 16.0.32106.194
MinimumVisualStudioVersion = 10.0.40219.1
Project("{FAE04EC0-301F-11D3-BF4B-00C04F79EFBC}") = "BD107ProjetFinal", "BD107ProjetFinal.csproj", "{674BDC10-A482-49E6-A9E2-BEFB998550AD}"
EndProject
Global
	GlobalSection(SolutionConfigurationPlatforms) = preSolution
		Debug|Any CPU = Debug|Any CPU
		Release|Any CPU = Release|Any CPU
	EndGlobalSection
	GlobalSection(ProjectConfigurationPlatforms) = postSolution
		{674BDC10-A482-49E6-A9E2-BEFB998550AD}.Debug|Any CPU.ActiveCfg = Debug|Any CPU
		{674BDC10-A482-49E6-A9E2-BEFB998550AD}.Debug|Any CPU.Build.0 = Debug|Any CPU
		{674BDC10-A482-49E6-A9E2-BEFB998550AD}.Release|Any CPU.ActiveCfg = Release|Any CPU
		{674BDC10-A482-49E6-A9E2-BEFB998550AD}.Release|Any CPU.Build.0 = Release|Any CPU
	EndGlobalSection
	GlobalSection(SolutionProperties) = preSolution
		HideSolutionNode = FALSE
	EndGlobalSection
	GlobalSection(ExtensibilityGlobals) = postSolution
		SolutionGuid = {8E936B6B-785E-43B3-87F8-051A5AD7F9F1}
	EndGlobalSection
EndGlobal
